
Microsoft Visual Studio Solution File, Format Version 12.00
# Visual Studio Version 16
VisualStudioVersion = 16.0.30104.148
MinimumVisualStudioVersion = 10.0.40219.1
Project("{FAE04EC0-301F-11D3-BF4B-00C04F79EFBC}") = "TestMadeAstar", "TestMadeAstar\TestMadeAstar.csproj", "{559E291E-B84C-4B01-A490-C893674651D3}"
EndProject
Global
	GlobalSection(SolutionConfigurationPlatforms) = preSolution
		Debug|Any CPU = Debug|Any CPU
		Release|Any CPU = Release|Any CPU
	EndGlobalSection
	GlobalSection(ProjectConfigurationPlatforms) = postSolution
		{559E291E-B84C-4B01-A490-C893674651D3}.Debug|Any CPU.ActiveCfg = Debug|Any CPU
		{559E291E-B84C-4B01-A490-C893674651D3}.Debug|Any CPU.Build.0 = Debug|Any CPU
		{559E291E-B84C-4B01-A490-C893674651D3}.Release|Any CPU.ActiveCfg = Release|Any CPU
		{559E291E-B84C-4B01-A490-C893674651D3}.Release|Any CPU.Build.0 = Release|Any CPU
	EndGlobalSection
	GlobalSection(SolutionProperties) = preSolution
		HideSolutionNode = FALSE
	EndGlobalSection
	GlobalSection(ExtensibilityGlobals) = postSolution
		SolutionGuid = {2780C435-F17A-4727-AF9E-5262BE552E4A}
	EndGlobalSection
EndGlobal
